# This file is automatically @generated by Cargo.
# It is not intended for manual editing.
version = 4

[[package]]
name = "wrkrs"
version = "0.1.0"
dependencies = [
 "wrkrs-engine",
]

[[package]]
name = "wrkrs-engine"
version = "0.1.0"

[[package]]
name = "wrkrs-engine-tests"
version = "0.1.0"
dependencies = [
 "wrkrs-engine",
]
